
Microsoft Visual Studio Solution File, Format Version 12.00
# Visual Studio 15
VisualStudioVersion = 15.0.26228.10
MinimumVisualStudioVersion = 10.0.40219.1
Project("{FAE04EC0-301F-11D3-BF4B-00C04F79EFBC}") = "SampleOrleans.SiloHost", "SampleOrleans.SiloHost\SampleOrleans.SiloHost.csproj", "{D73D6C91-74DA-4616-898F-AF2EAA7E72B7}"
EndProject
Project("{FAE04EC0-301F-11D3-BF4B-00C04F79EFBC}") = "SampleOrleans.GrainInterfaces", "SampleOrleans.GrainInterfaces\SampleOrleans.GrainInterfaces.csproj", "{67C4905C-B8A0-40B9-8E41-EB3E033D048E}"
EndProject
Project("{FAE04EC0-301F-11D3-BF4B-00C04F79EFBC}") = "SampleOrleans.GrainCollection", "SampleOrleans.GrainCollection\SampleOrleans.GrainCollection.csproj", "{9A70F560-4646-4184-805B-70C23244B6B8}"
EndProject
Global
	GlobalSection(SolutionConfigurationPlatforms) = preSolution
		Debug|Any CPU = Debug|Any CPU
		Release|Any CPU = Release|Any CPU
	EndGlobalSection
	GlobalSection(ProjectConfigurationPlatforms) = postSolution
		{D73D6C91-74DA-4616-898F-AF2EAA7E72B7}.Debug|Any CPU.ActiveCfg = Debug|Any CPU
		{D73D6C91-74DA-4616-898F-AF2EAA7E72B7}.Debug|Any CPU.Build.0 = Debug|Any CPU
		{D73D6C91-74DA-4616-898F-AF2EAA7E72B7}.Release|Any CPU.ActiveCfg = Release|Any CPU
		{D73D6C91-74DA-4616-898F-AF2EAA7E72B7}.Release|Any CPU.Build.0 = Release|Any CPU
		{67C4905C-B8A0-40B9-8E41-EB3E033D048E}.Debug|Any CPU.ActiveCfg = Debug|Any CPU
		{67C4905C-B8A0-40B9-8E41-EB3E033D048E}.Debug|Any CPU.Build.0 = Debug|Any CPU
		{67C4905C-B8A0-40B9-8E41-EB3E033D048E}.Release|Any CPU.ActiveCfg = Release|Any CPU
		{67C4905C-B8A0-40B9-8E41-EB3E033D048E}.Release|Any CPU.Build.0 = Release|Any CPU
		{9A70F560-4646-4184-805B-70C23244B6B8}.Debug|Any CPU.ActiveCfg = Debug|Any CPU
		{9A70F560-4646-4184-805B-70C23244B6B8}.Debug|Any CPU.Build.0 = Debug|Any CPU
		{9A70F560-4646-4184-805B-70C23244B6B8}.Release|Any CPU.ActiveCfg = Release|Any CPU
		{9A70F560-4646-4184-805B-70C23244B6B8}.Release|Any CPU.Build.0 = Release|Any CPU
	EndGlobalSection
	GlobalSection(SolutionProperties) = preSolution
		HideSolutionNode = FALSE
	EndGlobalSection
EndGlobal
